
Microsoft Visual Studio Solution File, Format Version 12.00
# Visual Studio Version 16
VisualStudioVersion = 16.0.31624.102
MinimumVisualStudioVersion = 10.0.40219.1
Project("{FAE04EC0-301F-11D3-BF4B-00C04F79EFBC}") = "21-1109", "21-1109\21-1109.csproj", "{6DD811A0-D98D-4C4C-A3E4-6A9EBF8B0FF0}"
EndProject
Global
	GlobalSection(SolutionConfigurationPlatforms) = preSolution
		Debug|Any CPU = Debug|Any CPU
		Release|Any CPU = Release|Any CPU
	EndGlobalSection
	GlobalSection(ProjectConfigurationPlatforms) = postSolution
		{6DD811A0-D98D-4C4C-A3E4-6A9EBF8B0FF0}.Debug|Any CPU.ActiveCfg = Debug|Any CPU
		{6DD811A0-D98D-4C4C-A3E4-6A9EBF8B0FF0}.Debug|Any CPU.Build.0 = Debug|Any CPU
		{6DD811A0-D98D-4C4C-A3E4-6A9EBF8B0FF0}.Release|Any CPU.ActiveCfg = Release|Any CPU
		{6DD811A0-D98D-4C4C-A3E4-6A9EBF8B0FF0}.Release|Any CPU.Build.0 = Release|Any CPU
	EndGlobalSection
	GlobalSection(SolutionProperties) = preSolution
		HideSolutionNode = FALSE
	EndGlobalSection
	GlobalSection(ExtensibilityGlobals) = postSolution
		SolutionGuid = {15DB3ACE-A004-4DCA-A528-489F8B75B87E}
	EndGlobalSection
EndGlobal
