
Microsoft Visual Studio Solution File, Format Version 12.00
# Visual Studio 15
VisualStudioVersion = 15.0.28307.1209
MinimumVisualStudioVersion = 10.0.40219.1
Project("{FAE04EC0-301F-11D3-BF4B-00C04F79EFBC}") = "21-0617", "21-0617\21-0617.csproj", "{29703669-9DB0-41C7-8AC5-3E0F38E6F609}"
EndProject
Global
	GlobalSection(SolutionConfigurationPlatforms) = preSolution
		Debug|Any CPU = Debug|Any CPU
		Release|Any CPU = Release|Any CPU
	EndGlobalSection
	GlobalSection(ProjectConfigurationPlatforms) = postSolution
		{29703669-9DB0-41C7-8AC5-3E0F38E6F609}.Debug|Any CPU.ActiveCfg = Debug|Any CPU
		{29703669-9DB0-41C7-8AC5-3E0F38E6F609}.Debug|Any CPU.Build.0 = Debug|Any CPU
		{29703669-9DB0-41C7-8AC5-3E0F38E6F609}.Release|Any CPU.ActiveCfg = Release|Any CPU
		{29703669-9DB0-41C7-8AC5-3E0F38E6F609}.Release|Any CPU.Build.0 = Release|Any CPU
	EndGlobalSection
	GlobalSection(SolutionProperties) = preSolution
		HideSolutionNode = FALSE
	EndGlobalSection
	GlobalSection(ExtensibilityGlobals) = postSolution
		SolutionGuid = {30FDD394-AAAA-4F42-A2DC-CF19933630B1}
	EndGlobalSection
EndGlobal
