
Microsoft Visual Studio Solution File, Format Version 12.00
# Visual Studio Version 16
VisualStudioVersion = 16.0.31624.102
MinimumVisualStudioVersion = 10.0.40219.1
Project("{FAE04EC0-301F-11D3-BF4B-00C04F79EFBC}") = "22-0224", "22-0224\22-0224.csproj", "{920C69A0-A196-4B01-8705-D4530D90A41E}"
EndProject
Global
	GlobalSection(SolutionConfigurationPlatforms) = preSolution
		Debug|Any CPU = Debug|Any CPU
		Release|Any CPU = Release|Any CPU
	EndGlobalSection
	GlobalSection(ProjectConfigurationPlatforms) = postSolution
		{920C69A0-A196-4B01-8705-D4530D90A41E}.Debug|Any CPU.ActiveCfg = Debug|Any CPU
		{920C69A0-A196-4B01-8705-D4530D90A41E}.Debug|Any CPU.Build.0 = Debug|Any CPU
		{920C69A0-A196-4B01-8705-D4530D90A41E}.Release|Any CPU.ActiveCfg = Release|Any CPU
		{920C69A0-A196-4B01-8705-D4530D90A41E}.Release|Any CPU.Build.0 = Release|Any CPU
	EndGlobalSection
	GlobalSection(SolutionProperties) = preSolution
		HideSolutionNode = FALSE
	EndGlobalSection
	GlobalSection(ExtensibilityGlobals) = postSolution
		SolutionGuid = {E895434C-EA0C-4F04-8A03-131D2F75C28B}
	EndGlobalSection
EndGlobal
