
Microsoft Visual Studio Solution File, Format Version 12.00
# Visual Studio 15
VisualStudioVersion = 15.0.28307.1209
MinimumVisualStudioVersion = 10.0.40219.1
Project("{FAE04EC0-301F-11D3-BF4B-00C04F79EFBC}") = "21-0804", "21-0804\21-0804.csproj", "{BDA687D5-6E01-4CA3-8699-982733FC7EFE}"
EndProject
Global
	GlobalSection(SolutionConfigurationPlatforms) = preSolution
		Debug|Any CPU = Debug|Any CPU
		Release|Any CPU = Release|Any CPU
	EndGlobalSection
	GlobalSection(ProjectConfigurationPlatforms) = postSolution
		{BDA687D5-6E01-4CA3-8699-982733FC7EFE}.Debug|Any CPU.ActiveCfg = Debug|Any CPU
		{BDA687D5-6E01-4CA3-8699-982733FC7EFE}.Debug|Any CPU.Build.0 = Debug|Any CPU
		{BDA687D5-6E01-4CA3-8699-982733FC7EFE}.Release|Any CPU.ActiveCfg = Release|Any CPU
		{BDA687D5-6E01-4CA3-8699-982733FC7EFE}.Release|Any CPU.Build.0 = Release|Any CPU
	EndGlobalSection
	GlobalSection(SolutionProperties) = preSolution
		HideSolutionNode = FALSE
	EndGlobalSection
	GlobalSection(ExtensibilityGlobals) = postSolution
		SolutionGuid = {43B2149C-4E84-4403-B652-234CBCA76732}
	EndGlobalSection
EndGlobal
