
Microsoft Visual Studio Solution File, Format Version 12.00
# Visual Studio Version 16
VisualStudioVersion = 16.0.31624.102
MinimumVisualStudioVersion = 10.0.40219.1
Project("{FAE04EC0-301F-11D3-BF4B-00C04F79EFBC}") = "21-1224", "21-1224\21-1224.csproj", "{6499E754-B20C-4617-BDB9-C40E882D2C4E}"
EndProject
Global
	GlobalSection(SolutionConfigurationPlatforms) = preSolution
		Debug|Any CPU = Debug|Any CPU
		Release|Any CPU = Release|Any CPU
	EndGlobalSection
	GlobalSection(ProjectConfigurationPlatforms) = postSolution
		{6499E754-B20C-4617-BDB9-C40E882D2C4E}.Debug|Any CPU.ActiveCfg = Debug|Any CPU
		{6499E754-B20C-4617-BDB9-C40E882D2C4E}.Debug|Any CPU.Build.0 = Debug|Any CPU
		{6499E754-B20C-4617-BDB9-C40E882D2C4E}.Release|Any CPU.ActiveCfg = Release|Any CPU
		{6499E754-B20C-4617-BDB9-C40E882D2C4E}.Release|Any CPU.Build.0 = Release|Any CPU
	EndGlobalSection
	GlobalSection(SolutionProperties) = preSolution
		HideSolutionNode = FALSE
	EndGlobalSection
	GlobalSection(ExtensibilityGlobals) = postSolution
		SolutionGuid = {A8340925-AEE3-4CC9-A11D-E590BC7ECCEA}
	EndGlobalSection
EndGlobal
