
Microsoft Visual Studio Solution File, Format Version 12.00
# Visual Studio 15
VisualStudioVersion = 15.0.28307.1209
MinimumVisualStudioVersion = 10.0.40219.1
Project("{FAE04EC0-301F-11D3-BF4B-00C04F79EFBC}") = "21-0311", "21-0311\21-0311.csproj", "{2760962D-CBCB-4664-8535-E124D6193FCE}"
EndProject
Global
	GlobalSection(SolutionConfigurationPlatforms) = preSolution
		Debug|Any CPU = Debug|Any CPU
		Release|Any CPU = Release|Any CPU
	EndGlobalSection
	GlobalSection(ProjectConfigurationPlatforms) = postSolution
		{2760962D-CBCB-4664-8535-E124D6193FCE}.Debug|Any CPU.ActiveCfg = Debug|Any CPU
		{2760962D-CBCB-4664-8535-E124D6193FCE}.Debug|Any CPU.Build.0 = Debug|Any CPU
		{2760962D-CBCB-4664-8535-E124D6193FCE}.Release|Any CPU.ActiveCfg = Release|Any CPU
		{2760962D-CBCB-4664-8535-E124D6193FCE}.Release|Any CPU.Build.0 = Release|Any CPU
	EndGlobalSection
	GlobalSection(SolutionProperties) = preSolution
		HideSolutionNode = FALSE
	EndGlobalSection
	GlobalSection(ExtensibilityGlobals) = postSolution
		SolutionGuid = {8BB520DB-2BC2-4EAE-A047-E7C6A092369E}
	EndGlobalSection
EndGlobal
