
Microsoft Visual Studio Solution File, Format Version 12.00
# Visual Studio 15
VisualStudioVersion = 15.0.28307.1209
MinimumVisualStudioVersion = 10.0.40219.1
Project("{FAE04EC0-301F-11D3-BF4B-00C04F79EFBC}") = "21-0705", "21-0705\21-0705.csproj", "{038D04D6-12AA-4E43-AA17-CC5312D5F71C}"
EndProject
Global
	GlobalSection(SolutionConfigurationPlatforms) = preSolution
		Debug|Any CPU = Debug|Any CPU
		Release|Any CPU = Release|Any CPU
	EndGlobalSection
	GlobalSection(ProjectConfigurationPlatforms) = postSolution
		{038D04D6-12AA-4E43-AA17-CC5312D5F71C}.Debug|Any CPU.ActiveCfg = Debug|Any CPU
		{038D04D6-12AA-4E43-AA17-CC5312D5F71C}.Debug|Any CPU.Build.0 = Debug|Any CPU
		{038D04D6-12AA-4E43-AA17-CC5312D5F71C}.Release|Any CPU.ActiveCfg = Release|Any CPU
		{038D04D6-12AA-4E43-AA17-CC5312D5F71C}.Release|Any CPU.Build.0 = Release|Any CPU
	EndGlobalSection
	GlobalSection(SolutionProperties) = preSolution
		HideSolutionNode = FALSE
	EndGlobalSection
	GlobalSection(ExtensibilityGlobals) = postSolution
		SolutionGuid = {6B383A74-DC63-4362-8B54-366C9E67EE54}
	EndGlobalSection
EndGlobal
