
Microsoft Visual Studio Solution File, Format Version 12.00
# Visual Studio Version 17
VisualStudioVersion = 17.8.34525.116
MinimumVisualStudioVersion = 10.0.40219.1
Project("{FAE04EC0-301F-11D3-BF4B-00C04F79EFBC}") = "24-0214", "24-0214.csproj", "{43BE2CC9-A030-4EA8-9E66-C4D5A7EBA696}"
EndProject
Global
	GlobalSection(SolutionConfigurationPlatforms) = preSolution
		Debug|Any CPU = Debug|Any CPU
		Release|Any CPU = Release|Any CPU
	EndGlobalSection
	GlobalSection(ProjectConfigurationPlatforms) = postSolution
		{43BE2CC9-A030-4EA8-9E66-C4D5A7EBA696}.Debug|Any CPU.ActiveCfg = Debug|Any CPU
		{43BE2CC9-A030-4EA8-9E66-C4D5A7EBA696}.Debug|Any CPU.Build.0 = Debug|Any CPU
		{43BE2CC9-A030-4EA8-9E66-C4D5A7EBA696}.Release|Any CPU.ActiveCfg = Release|Any CPU
		{43BE2CC9-A030-4EA8-9E66-C4D5A7EBA696}.Release|Any CPU.Build.0 = Release|Any CPU
	EndGlobalSection
	GlobalSection(SolutionProperties) = preSolution
		HideSolutionNode = FALSE
	EndGlobalSection
	GlobalSection(ExtensibilityGlobals) = postSolution
		SolutionGuid = {B84AA3C3-ABEE-48B7-BADC-93F2C7D62A20}
	EndGlobalSection
EndGlobal
