
Microsoft Visual Studio Solution File, Format Version 12.00
# Visual Studio Version 16
VisualStudioVersion = 16.0.31624.102
MinimumVisualStudioVersion = 10.0.40219.1
Project("{FAE04EC0-301F-11D3-BF4B-00C04F79EFBC}") = "22-0620", "22-0620\22-0620.csproj", "{BB41EAA7-79CC-48DB-B0C5-5A335E428665}"
EndProject
Global
	GlobalSection(SolutionConfigurationPlatforms) = preSolution
		Debug|Any CPU = Debug|Any CPU
		Release|Any CPU = Release|Any CPU
	EndGlobalSection
	GlobalSection(ProjectConfigurationPlatforms) = postSolution
		{BB41EAA7-79CC-48DB-B0C5-5A335E428665}.Debug|Any CPU.ActiveCfg = Debug|Any CPU
		{BB41EAA7-79CC-48DB-B0C5-5A335E428665}.Debug|Any CPU.Build.0 = Debug|Any CPU
		{BB41EAA7-79CC-48DB-B0C5-5A335E428665}.Release|Any CPU.ActiveCfg = Release|Any CPU
		{BB41EAA7-79CC-48DB-B0C5-5A335E428665}.Release|Any CPU.Build.0 = Release|Any CPU
	EndGlobalSection
	GlobalSection(SolutionProperties) = preSolution
		HideSolutionNode = FALSE
	EndGlobalSection
	GlobalSection(ExtensibilityGlobals) = postSolution
		SolutionGuid = {6CF299E0-4BB8-4EE1-8796-603DA417F473}
	EndGlobalSection
EndGlobal
