
Microsoft Visual Studio Solution File, Format Version 12.00
# Visual Studio 15
VisualStudioVersion = 15.0.28307.1209
MinimumVisualStudioVersion = 10.0.40219.1
Project("{FAE04EC0-301F-11D3-BF4B-00C04F79EFBC}") = "21-0602", "21-0602\21-0602.csproj", "{8A1AFCE1-12D2-4A88-AE92-43D8DDB561D9}"
EndProject
Global
	GlobalSection(SolutionConfigurationPlatforms) = preSolution
		Debug|Any CPU = Debug|Any CPU
		Release|Any CPU = Release|Any CPU
	EndGlobalSection
	GlobalSection(ProjectConfigurationPlatforms) = postSolution
		{8A1AFCE1-12D2-4A88-AE92-43D8DDB561D9}.Debug|Any CPU.ActiveCfg = Debug|Any CPU
		{8A1AFCE1-12D2-4A88-AE92-43D8DDB561D9}.Debug|Any CPU.Build.0 = Debug|Any CPU
		{8A1AFCE1-12D2-4A88-AE92-43D8DDB561D9}.Release|Any CPU.ActiveCfg = Release|Any CPU
		{8A1AFCE1-12D2-4A88-AE92-43D8DDB561D9}.Release|Any CPU.Build.0 = Release|Any CPU
	EndGlobalSection
	GlobalSection(SolutionProperties) = preSolution
		HideSolutionNode = FALSE
	EndGlobalSection
	GlobalSection(ExtensibilityGlobals) = postSolution
		SolutionGuid = {9E9427D3-1E7D-425E-8983-479DD6C7BE40}
	EndGlobalSection
EndGlobal
